
Microsoft Visual Studio Solution File, Format Version 12.00
# Visual Studio Version 17
VisualStudioVersion = 17.9.34607.119
MinimumVisualStudioVersion = 10.0.40219.1
Project("{FAE04EC0-301F-11D3-BF4B-00C04F79EFBC}") = "APICitasMedicas", "APICitasMedicas\APICitasMedicas.csproj", "{28442884-4851-47C6-90B9-80D08D3F7757}"
EndProject
Global
	GlobalSection(SolutionConfigurationPlatforms) = preSolution
		Debug|Any CPU = Debug|Any CPU
		Release|Any CPU = Release|Any CPU
	EndGlobalSection
	GlobalSection(ProjectConfigurationPlatforms) = postSolution
		{28442884-4851-47C6-90B9-80D08D3F7757}.Debug|Any CPU.ActiveCfg = Debug|Any CPU
		{28442884-4851-47C6-90B9-80D08D3F7757}.Debug|Any CPU.Build.0 = Debug|Any CPU
		{28442884-4851-47C6-90B9-80D08D3F7757}.Release|Any CPU.ActiveCfg = Release|Any CPU
		{28442884-4851-47C6-90B9-80D08D3F7757}.Release|Any CPU.Build.0 = Release|Any CPU
	EndGlobalSection
	GlobalSection(SolutionProperties) = preSolution
		HideSolutionNode = FALSE
	EndGlobalSection
	GlobalSection(ExtensibilityGlobals) = postSolution
		SolutionGuid = {BC811C2F-759A-47C5-95D6-0A29D9BC50E2}
	EndGlobalSection
EndGlobal
