
Microsoft Visual Studio Solution File, Format Version 12.00
# Visual Studio Version 17
VisualStudioVersion = 17.9.34607.119
MinimumVisualStudioVersion = 10.0.40219.1
Project("{9A19103F-16F7-4668-BE54-9A1E7A4F7556}") = "AppCitasMedicas", "AppCitasMedicas\AppCitasMedicas.csproj", "{77881F19-543F-4AFE-8D9C-809AA019062E}"
EndProject
Global
	GlobalSection(SolutionConfigurationPlatforms) = preSolution
		Debug|Any CPU = Debug|Any CPU
		Release|Any CPU = Release|Any CPU
	EndGlobalSection
	GlobalSection(ProjectConfigurationPlatforms) = postSolution
		{77881F19-543F-4AFE-8D9C-809AA019062E}.Debug|Any CPU.ActiveCfg = Debug|Any CPU
		{77881F19-543F-4AFE-8D9C-809AA019062E}.Debug|Any CPU.Build.0 = Debug|Any CPU
		{77881F19-543F-4AFE-8D9C-809AA019062E}.Release|Any CPU.ActiveCfg = Release|Any CPU
		{77881F19-543F-4AFE-8D9C-809AA019062E}.Release|Any CPU.Build.0 = Release|Any CPU
	EndGlobalSection
	GlobalSection(SolutionProperties) = preSolution
		HideSolutionNode = FALSE
	EndGlobalSection
	GlobalSection(ExtensibilityGlobals) = postSolution
		SolutionGuid = {0E9B0597-0C7B-480A-B8C5-3C728010D333}
	EndGlobalSection
EndGlobal
